<?xml version="1.0" encoding="UTF-8"?>
<Solution>
	<Configurations>
		<BuildType Name="Debug"/>
		<BuildType Name="Release"/>
		<BuildType Name="MinSizeRel"/>
		<BuildType Name="RelWithDebInfo"/>
		<Platform Name="x64"/>
	</Configurations>
	<Project Path="ALL_BUILD.vcxproj" Type="8bc9ceb8-8b4a-11d0-8d11-00a0c91bc942" Id="84f4eac2-1476-3f0a-9865-b19ef673e3dd" DefaultStartup="true">
		<BuildDependency Project="src/client/ClientApp.vcxproj"/>
		<BuildDependency Project="tests/NetworkManagerTests.vcxproj"/>
		<BuildDependency Project="tests/PacketTests.vcxproj"/>
		<BuildDependency Project="src/server/ServerApp.vcxproj"/>
		<BuildDependency Project="tests/Test_Server.vcxproj"/>
		<BuildDependency Project="ZERO_CHECK.vcxproj"/>
		<BuildDependency Project="src/server/server_lib.vcxproj"/>
		<Build Solution="Debug|*" Project="false"/>
		<Build Solution="Release|*" Project="false"/>
		<Build Solution="MinSizeRel|*" Project="false"/>
		<Build Solution="RelWithDebInfo|*" Project="false"/>
	</Project>
	<Project Path="src/client/ClientApp.vcxproj" Type="8bc9ceb8-8b4a-11d0-8d11-00a0c91bc942" Id="97df5304-7276-35b6-92f6-dd6f2b0765f5">
		<BuildDependency Project="ZERO_CHECK.vcxproj"/>
		<BuildDependency Project="src/server/server_lib.vcxproj"/>
	</Project>
	<Project Path="tests/NetworkManagerTests.vcxproj" Type="8bc9ceb8-8b4a-11d0-8d11-00a0c91bc942" Id="e3b79438-80e9-340e-ba4f-a6025f9846bf">
		<BuildDependency Project="ZERO_CHECK.vcxproj"/>
	</Project>
	<Project Path="tests/PacketTests.vcxproj" Type="8bc9ceb8-8b4a-11d0-8d11-00a0c91bc942" Id="d7395aec-5909-3beb-9a30-18e969da1ea7">
		<BuildDependency Project="ZERO_CHECK.vcxproj"/>
	</Project>
	<Project Path="RUN_TESTS.vcxproj" Type="8bc9ceb8-8b4a-11d0-8d11-00a0c91bc942" Id="85899a53-ada6-3211-9619-139f58c00540">
		<BuildDependency Project="ZERO_CHECK.vcxproj"/>
		<Build Solution="Debug|*" Project="false"/>
		<Build Solution="Release|*" Project="false"/>
		<Build Solution="MinSizeRel|*" Project="false"/>
		<Build Solution="RelWithDebInfo|*" Project="false"/>
	</Project>
	<Project Path="src/server/ServerApp.vcxproj" Type="8bc9ceb8-8b4a-11d0-8d11-00a0c91bc942" Id="9b6df7d6-2897-3a7b-bc92-2a8c1d98e189">
		<BuildDependency Project="ZERO_CHECK.vcxproj"/>
		<BuildDependency Project="src/server/server_lib.vcxproj"/>
	</Project>
	<Project Path="tests/Test_Server.vcxproj" Type="8bc9ceb8-8b4a-11d0-8d11-00a0c91bc942" Id="192cb7e1-b493-3d46-a016-9d4307680746">
		<BuildDependency Project="ZERO_CHECK.vcxproj"/>
		<BuildDependency Project="src/server/server_lib.vcxproj"/>
	</Project>
	<Project Path="ZERO_CHECK.vcxproj" Type="8bc9ceb8-8b4a-11d0-8d11-00a0c91bc942" Id="1eceb38f-3f42-3e6d-922d-5d265911f77d"/>
	<Project Path="src/server/server_lib.vcxproj" Type="8bc9ceb8-8b4a-11d0-8d11-00a0c91bc942" Id="512a4aa0-6e0a-3d7e-a1f2-b3afdeb5b960">
		<BuildDependency Project="ZERO_CHECK.vcxproj"/>
	</Project>
</Solution>
